
Microsoft Visual Studio Solution File, Format Version 12.00
# Visual Studio Version 17
VisualStudioVersion = 17.14.36212.18 d17.14
MinimumVisualStudioVersion = 10.0.40219.1
Project("{FAE04EC0-301F-11D3-BF4B-00C04F79EFBC}") = "ProyectoGraficaP2", "ProyectoGraficaP2\ProyectoGraficaP2.csproj", "{DCC09634-28EB-4B0F-A921-6A508C689068}"
EndProject
Global
	GlobalSection(SolutionConfigurationPlatforms) = preSolution
		Debug|Any CPU = Debug|Any CPU
		Release|Any CPU = Release|Any CPU
	EndGlobalSection
	GlobalSection(ProjectConfigurationPlatforms) = postSolution
		{DCC09634-28EB-4B0F-A921-6A508C689068}.Debug|Any CPU.ActiveCfg = Debug|Any CPU
		{DCC09634-28EB-4B0F-A921-6A508C689068}.Debug|Any CPU.Build.0 = Debug|Any CPU
		{DCC09634-28EB-4B0F-A921-6A508C689068}.Release|Any CPU.ActiveCfg = Release|Any CPU
		{DCC09634-28EB-4B0F-A921-6A508C689068}.Release|Any CPU.Build.0 = Release|Any CPU
	EndGlobalSection
	GlobalSection(SolutionProperties) = preSolution
		HideSolutionNode = FALSE
	EndGlobalSection
	GlobalSection(ExtensibilityGlobals) = postSolution
		SolutionGuid = {82F22122-8376-41CC-B6A6-32D2470EA0C1}
	EndGlobalSection
EndGlobal
